# THIS IS AN AUTOGENERATED FILE. DO NOT EDIT THIS FILE DIRECTLY.
# yarn lockfile v1


"@ampproject/remapping@0.2.0":
  version "0.2.0"
  resolved "https://registry.yarnpkg.com/@ampproject/remapping/-/remapping-0.2.0.tgz#07290a5c0f5eac8a4c33d38aa0d15a3416db432e"
  integrity sha512-a4EztS9/GOVQjX5Ol+Iz33TFhaXvYBF7aB6D8+Qz0/SCIxOm3UNRhGZiwcCuJ8/Ifc6NCogp3S48kc5hFxRpUw==
  dependencies:
    "@jridgewell/resolve-uri" "1.0.0"
    sourcemap-codec "1.4.8"

"@ampproject/rollup-plugin-closure-compiler@^0.27.0":
  version "0.27.0"
  resolved "https://registry.yarnpkg.com/@ampproject/rollup-plugin-closure-compiler/-/rollup-plugin-closure-compiler-0.27.0.tgz#fd98e7257946242cc6f3eaf8ae18d4a67a99ed40"
  integrity sha512-stpAOn2ZZEJuAV39HFw9cnKJYNhEeHtcsoa83orpLDhSxsxSbVEKwHaWlFBaQYpQRSOdapC4eJhJnCzocZxnqg==
  dependencies:
    "@ampproject/remapping" "0.2.0"
    acorn "7.3.1"
    acorn-walk "7.1.1"
    estree-walker "2.0.1"
    google-closure-compiler "20210808.0.0"
    magic-string "0.25.7"
    uuid "8.1.0"

"@jridgewell/resolve-uri@1.0.0":
  version "1.0.0"
  resolved "https://registry.yarnpkg.com/@jridgewell/resolve-uri/-/resolve-uri-1.0.0.tgz#3fdf5798f0b49e90155896f6291df186eac06c83"
  integrity sha512-9oLAnygRMi8Q5QkYEU4XWK04B+nuoXoxjRvRxgjuChkLZFBja0YPSgdZ7dZtwhncLBcQe/I/E+fLuk5qxcYVJA==

"@rollup/plugin-alias@^3.1.9":
  version "3.1.9"
  resolved "https://registry.yarnpkg.com/@rollup/plugin-alias/-/plugin-alias-3.1.9.tgz#a5d267548fe48441f34be8323fb64d1d4a1b3fdf"
  integrity sha512-QI5fsEvm9bDzt32k39wpOwZhVzRcL5ydcffUHMyLVaVaLeC70I8TJZ17F1z1eMoLu4E/UOcH9BWVkKpIKdrfiw==
  dependencies:
    slash "^3.0.0"

"@rollup/plugin-typescript@^8.3.0":
  version "8.3.0"
  resolved "https://registry.yarnpkg.com/@rollup/plugin-typescript/-/plugin-typescript-8.3.0.tgz#bc1077fa5897b980fc27e376c4e377882c63e68b"
  integrity sha512-I5FpSvLbtAdwJ+naznv+B4sjXZUcIvLLceYpITAn7wAP8W0wqc5noLdGIp9HGVntNhRWXctwPYrSSFQxtl0FPA==
  dependencies:
    "@rollup/pluginutils" "^3.1.0"
    resolve "^1.17.0"

"@rollup/pluginutils@^3.0.9", "@rollup/pluginutils@^3.1.0":
  version "3.1.0"
  resolved "https://registry.yarnpkg.com/@rollup/pluginutils/-/pluginutils-3.1.0.tgz#706b4524ee6dc8b103b3c995533e5ad680c02b9b"
  integrity sha512-GksZ6pr6TpIjHm8h9lSQ8pi8BE9VeubNT0OMJ3B5uZJ8pz73NPiqOtCog/x2/QzM1ENChPKxMDhiQuRHsqc+lg==
  dependencies:
    "@types/estree" "0.0.39"
    estree-walker "^1.0.1"
    picomatch "^2.2.2"

"@types/estree@0.0.39":
  version "0.0.39"
  resolved "https://registry.yarnpkg.com/@types/estree/-/estree-0.0.39.tgz#e177e699ee1b8c22d23174caaa7422644389509f"
  integrity sha512-EYNwp3bU+98cpU4lAWYYL7Zz+2gryWH1qbdDTidVd6hkiR6weksdbMadyXKXNPEkQFhXM+hVO9ZygomHXp+AIw==

"@types/offscreencanvas@^2019.6.4":
  version "2019.6.4"
  resolved "https://registry.yarnpkg.com/@types/offscreencanvas/-/offscreencanvas-2019.6.4.tgz#64f6d120b53925028299c744fcdd32d2cd525963"
  integrity sha512-u8SAgdZ8ROtkTF+mfZGOscl0or6BSj9A4g37e6nvxDc+YB/oDut0wHkK2PBBiC2bNR8TS0CPV+1gAk4fNisr1Q==

acorn-walk@7.1.1:
  version "7.1.1"
  resolved "https://registry.yarnpkg.com/acorn-walk/-/acorn-walk-7.1.1.tgz#345f0dffad5c735e7373d2fec9a1023e6a44b83e"
  integrity sha512-wdlPY2tm/9XBr7QkKlq0WQVgiuGTX6YWPyRyBviSoScBuLfTVQhvwg6wJ369GJ/1nPfTLMfnrFIfjqVg6d+jQQ==

acorn@7.3.1:
  version "7.3.1"
  resolved "https://registry.yarnpkg.com/acorn/-/acorn-7.3.1.tgz#85010754db53c3fbaf3b9ea3e083aa5c5d147ffd"
  integrity sha512-tLc0wSnatxAQHVHUapaHdz72pi9KUyHjq5KyHjGg9Y8Ifdc79pTh2XvI6I1/chZbnM7QtNKzh66ooDogPZSleA==

acorn@^8.7.0:
  version "8.7.0"
  resolved "https://registry.yarnpkg.com/acorn/-/acorn-8.7.0.tgz#90951fde0f8f09df93549481e5fc141445b791cf"
  integrity sha512-V/LGr1APy+PXIwKebEWrkZPwoeoF+w1jiOBUmuxuiUIaOHtob8Qc9BTrYo7VuI5fR8tqsy+buA2WFooR5olqvQ==

ansi-styles@^3.2.1:
  version "3.2.1"
  resolved "https://registry.yarnpkg.com/ansi-styles/-/ansi-styles-3.2.1.tgz#41fbb20243e50b12be0f04b8dedbf07520ce841d"
  integrity sha512-VT0ZI6kZRdTh8YyJw3SMbYm/u+NqfsAxEpWO0Pf9sq8/e94WxxOpPKx9FR1FlyCtOVDNOQ+8ntlqFxiRc+r5qA==
  dependencies:
    color-convert "^1.9.0"

atob@^2.1.2:
  version "2.1.2"
  resolved "https://registry.yarnpkg.com/atob/-/atob-2.1.2.tgz#6d9517eb9e030d2436666651e86bd9f6f13533c9"
  integrity sha512-Wm6ukoaOGJi/73p/cl2GvLjTI5JM1k/O14isD73YML8StrH/7/lRFgmg8nICZgD3bZZvjwCGxtMOD3wWNAu8cg==

chalk@2.x:
  version "2.4.2"
  resolved "https://registry.yarnpkg.com/chalk/-/chalk-2.4.2.tgz#cd42541677a54333cf541a49108c1432b44c9424"
  integrity sha512-Mti+f9lpJNcwF4tWV8/OrTTtF1gZi+f8FqlyAdouralcFWFQWF2+NgCHShjkCb+IFBLq9buZwE1xckQU4peSuQ==
  dependencies:
    ansi-styles "^3.2.1"
    escape-string-regexp "^1.0.5"
    supports-color "^5.3.0"

clone-buffer@^1.0.0:
  version "1.0.0"
  resolved "https://registry.yarnpkg.com/clone-buffer/-/clone-buffer-1.0.0.tgz#e3e25b207ac4e701af721e2cb5a16792cac3dc58"
  integrity sha1-4+JbIHrE5wGvch4staFnksrD3Fg=

clone-stats@^1.0.0:
  version "1.0.0"
  resolved "https://registry.yarnpkg.com/clone-stats/-/clone-stats-1.0.0.tgz#b3782dff8bb5474e18b9b6bf0fdfe782f8777680"
  integrity sha1-s3gt/4u1R04Yuba/D9/ngvh3doA=

clone@^2.1.1:
  version "2.1.2"
  resolved "https://registry.yarnpkg.com/clone/-/clone-2.1.2.tgz#1b7f4b9f591f1e8f83670401600345a02887435f"
  integrity sha1-G39Ln1kfHo+DZwQBYANFoCiHQ18=

cloneable-readable@^1.0.0:
  version "1.1.3"
  resolved "https://registry.yarnpkg.com/cloneable-readable/-/cloneable-readable-1.1.3.tgz#120a00cb053bfb63a222e709f9683ea2e11d8cec"
  integrity sha512-2EF8zTQOxYq70Y4XKtorQupqF0m49MBz2/yf5Bj+MHjvpG3Hy7sImifnqD6UA+TKYxeSV+u6qqQPawN5UvnpKQ==
  dependencies:
    inherits "^2.0.1"
    process-nextick-args "^2.0.0"
    readable-stream "^2.3.5"

color-convert@^1.9.0:
  version "1.9.3"
  resolved "https://registry.yarnpkg.com/color-convert/-/color-convert-1.9.3.tgz#bb71850690e1f136567de629d2d5471deda4c1e8"
  integrity sha512-QfAUtd+vFdAtFQcC8CCyYt1fYWxSqAiK2cSD6zDB8N3cpsEBAvRxp9zOGg6G/SHHJYAT88/az/IuDGALsNVbGg==
  dependencies:
    color-name "1.1.3"

color-name@1.1.3:
  version "1.1.3"
  resolved "https://registry.yarnpkg.com/color-name/-/color-name-1.1.3.tgz#a7d0558bd89c42f795dd42328f740831ca53bc25"
  integrity sha1-p9BVi9icQveV3UIyj3QIMcpTvCU=

core-util-is@~1.0.0:
  version "1.0.3"
  resolved "https://registry.yarnpkg.com/core-util-is/-/core-util-is-1.0.3.tgz#a6042d3634c2b27e9328f837b965fac83808db85"
  integrity sha512-ZQBvi1DcpJ4GDqanjucZ2Hj3wEO5pZDS89BWbkcrvdxksJorwUDDZamX9ldFkp9aw2lmBDLgkObEA4DWNJ9FYQ==

decode-uri-component@^0.2.0:
  version "0.2.0"
  resolved "https://registry.yarnpkg.com/decode-uri-component/-/decode-uri-component-0.2.0.tgz#eb3913333458775cb84cd1a1fae062106bb87545"
  integrity sha1-6zkTMzRYd1y4TNGh+uBiEGu4dUU=

escape-string-regexp@^1.0.5:
  version "1.0.5"
  resolved "https://registry.yarnpkg.com/escape-string-regexp/-/escape-string-regexp-1.0.5.tgz#1b61c0562190a8dff6ae3bb2cf0200ca130b86d4"
  integrity sha1-G2HAViGQqN/2rjuyzwIAyhMLhtQ=

estree-walker@2.0.1:
  version "2.0.1"
  resolved "https://registry.yarnpkg.com/estree-walker/-/estree-walker-2.0.1.tgz#f8e030fb21cefa183b44b7ad516b747434e7a3e0"
  integrity sha512-tF0hv+Yi2Ot1cwj9eYHtxC0jB9bmjacjQs6ZBTj82H8JwUywFuc+7E83NWfNMwHXZc11mjfFcVXPe9gEP4B8dg==

estree-walker@^1.0.1:
  version "1.0.1"
  resolved "https://registry.yarnpkg.com/estree-walker/-/estree-walker-1.0.1.tgz#31bc5d612c96b704106b477e6dd5d8aa138cb700"
  integrity sha512-1fMXF3YP4pZZVozF8j/ZLfvnR8NSIljt56UhbZ5PeeDmmGHpgpdwQt7ITlGvYaQukCvuBRMLEiKiYC+oeIg4cg==

fsevents@~2.3.2:
  version "2.3.2"
  resolved "https://registry.yarnpkg.com/fsevents/-/fsevents-2.3.2.tgz#8a526f78b8fdf4623b709e0b975c52c24c02fd1a"
  integrity sha512-xiqMQR4xAeHTuB9uWm+fFRcIOgKBMiOBP+eXiyT7jsgVCq1bkVygt00oASowB7EdtpOHaaPgKt812P9ab+DDKA==

function-bind@^1.1.1:
  version "1.1.1"
  resolved "https://registry.yarnpkg.com/function-bind/-/function-bind-1.1.1.tgz#a56899d3ea3c9bab874bb9773b7c5ede92f4895d"
  integrity sha512-yIovAzMX49sF8Yl58fSCWJ5svSLuaibPxXQJFLmBObTuCr0Mf1KiPopGM9NiFjiYBCbfaa2Fh6breQ6ANVTI0A==

google-closure-compiler-java@^20210808.0.0:
  version "20210808.0.0"
  resolved "https://registry.yarnpkg.com/google-closure-compiler-java/-/google-closure-compiler-java-20210808.0.0.tgz#9722073e2ace0ed1a9934423e6277c9994418e84"
  integrity sha512-7dEQfBzOdwdjwa/Pq8VAypNBKyWRrOcKjnNYOO9gEg2hjh8XVMeQzTqw4uANfVvvANGdE/JjD+HF6zHVgLRwjg==

google-closure-compiler-java@^20220104.0.0:
  version "20220104.0.0"
  resolved "https://registry.yarnpkg.com/google-closure-compiler-java/-/google-closure-compiler-java-20220104.0.0.tgz#de2784e2a7b58f091b861711218e41a5f04dbb05"
  integrity sha512-cnxEfms548+whhdtIT5MLNVfHcXasYmsUGpyrdLDX+0xR4t+oJBT7RI/O7qOusoqXdW6lwAIT2jbFI8Irk6eVQ==

google-closure-compiler-linux@^20210808.0.0:
  version "20210808.0.0"
  resolved "https://registry.yarnpkg.com/google-closure-compiler-linux/-/google-closure-compiler-linux-20210808.0.0.tgz#42b844cef30cce6570d21f5d75c71f1af36fc070"
  integrity sha512-byKi5ITUiWRvEIcQo76i1siVnOwrTmG+GNcBG4cJ7x8IE6+4ki9rG5pUe4+DOYHkfk52XU6XHt9aAAgCcFDKpg==

google-closure-compiler-linux@^20220104.0.0:
  version "20220104.0.0"
  resolved "https://registry.yarnpkg.com/google-closure-compiler-linux/-/google-closure-compiler-linux-20220104.0.0.tgz#fe503010827dceecaa4a842579645efcd156e443"
  integrity sha512-3la7sjrcKHlQc8piP+nzsZmFQFYV/4DtxFcpjq+Re81+vYmE9NWUZ21xgp6OZ7ygZhVLEWQqGlZqJls45HS0rA==

google-closure-compiler-osx@^20210808.0.0:
  version "20210808.0.0"
  resolved "https://registry.yarnpkg.com/google-closure-compiler-osx/-/google-closure-compiler-osx-20210808.0.0.tgz#6fe601c80d19a998d2703de6bb5a8c4d41f75e24"
  integrity sha512-iwyAY6dGj1FrrBdmfwKXkjtTGJnqe8F+9WZbfXxiBjkWLtIsJt2dD1+q7g/sw3w8mdHrGQAdxtDZP/usMwj/Rg==

google-closure-compiler-osx@^20220104.0.0:
  version "20220104.0.0"
  resolved "https://registry.yarnpkg.com/google-closure-compiler-osx/-/google-closure-compiler-osx-20220104.0.0.tgz#ff3b1c5c1e27ddcf821b8c7086e9581a61a39788"
  integrity sha512-D6WPBKS6H416kY4OH9WBhviY7e+b1+RXT8jWhBGXMHoSlUiIUALOi67RvBuibiX39ljG0D1JSZbfYXNCDYLMmw==

google-closure-compiler-windows@^20210808.0.0:
  version "20210808.0.0"
  resolved "https://registry.yarnpkg.com/google-closure-compiler-windows/-/google-closure-compiler-windows-20210808.0.0.tgz#f907fa046d8a25d820485cb4482fbd5bada9cf03"
  integrity sha512-VI+UUYwtGWDYwpiixrWRD8EklHgl6PMbiEaHxQSrQbH8PDXytwaOKqmsaH2lWYd5Y/BOZie2MzjY7F5JI69q1w==

google-closure-compiler-windows@^20220104.0.0:
  version "20220104.0.0"
  resolved "https://registry.yarnpkg.com/google-closure-compiler-windows/-/google-closure-compiler-windows-20220104.0.0.tgz#853a4c357bd23faf0687175a7a2671d6607b7716"
  integrity sha512-VNBUBSBLn2ZeK4EKsoY/rl6qjXYoph+DWmiicNeFrEvqyUB9Vh9MhhP4F+PPOg1iYdPw4XtNsmfSnIV96kQHyA==

google-closure-compiler@20210808.0.0:
  version "20210808.0.0"
  resolved "https://registry.yarnpkg.com/google-closure-compiler/-/google-closure-compiler-20210808.0.0.tgz#0638e71f1073f71682277200db71d0ea05b3de1d"
  integrity sha512-+R2+P1tT1lEnDDGk8b+WXfyVZgWjcCK9n1mmZe8pMEzPaPWxqK7GMetLVWnqfTDJ5Q+LRspOiFBv3Is+0yuhCA==
  dependencies:
    chalk "2.x"
    google-closure-compiler-java "^20210808.0.0"
    minimist "1.x"
    vinyl "2.x"
    vinyl-sourcemaps-apply "^0.2.0"
  optionalDependencies:
    google-closure-compiler-linux "^20210808.0.0"
    google-closure-compiler-osx "^20210808.0.0"
    google-closure-compiler-windows "^20210808.0.0"

google-closure-compiler@^20220104.0.0:
  version "20220104.0.0"
  resolved "https://registry.yarnpkg.com/google-closure-compiler/-/google-closure-compiler-20220104.0.0.tgz#cf2ddee10abdf129cea82481e7d92f8c5ff30ce2"
  integrity sha512-8JQs1cWpJYjvqnAskMis1sQ/nm2wHYIt/Rd3HYyMOgfEzjNdqLkIiuzCXbz2flktHXS63mvdxU4+ZlJR72Kz8g==
  dependencies:
    chalk "2.x"
    google-closure-compiler-java "^20220104.0.0"
    minimist "1.x"
    vinyl "2.x"
    vinyl-sourcemaps-apply "^0.2.0"
  optionalDependencies:
    google-closure-compiler-linux "^20220104.0.0"
    google-closure-compiler-osx "^20220104.0.0"
    google-closure-compiler-windows "^20220104.0.0"

has-flag@^3.0.0:
  version "3.0.0"
  resolved "https://registry.yarnpkg.com/has-flag/-/has-flag-3.0.0.tgz#b5d454dc2199ae225699f3467e5a07f3b955bafd"
  integrity sha1-tdRU3CGZriJWmfNGfloH87lVuv0=

has@^1.0.3:
  version "1.0.3"
  resolved "https://registry.yarnpkg.com/has/-/has-1.0.3.tgz#722d7cbfc1f6aa8241f16dd814e011e1f41e8796"
  integrity sha512-f2dvO0VU6Oej7RkWJGrehjbzMAjFp5/VKPp5tTpWIV4JHHZK1/BxbFRtf/siA2SWTe09caDmVtYYzWEIbBS4zw==
  dependencies:
    function-bind "^1.1.1"

inherits@^2.0.1, inherits@~2.0.3:
  version "2.0.4"
  resolved "https://registry.yarnpkg.com/inherits/-/inherits-2.0.4.tgz#0fa2c64f932917c3433a0ded55363aae37416b7c"
  integrity sha512-k/vGaX4/Yla3WzyMCvTQOXYeIHvqOKtnqBduzTHpzpQZzAskKMhZ2K+EnBiSM9zGSoIFeMpXKxa4dYeZIQqewQ==

is-core-module@^2.8.1:
  version "2.8.1"
  resolved "https://registry.yarnpkg.com/is-core-module/-/is-core-module-2.8.1.tgz#f59fdfca701d5879d0a6b100a40aa1560ce27211"
  integrity sha512-SdNCUs284hr40hFTFP6l0IfZ/RSrMXF3qgoRHd3/79unUTvrFO/JoXwkGm+5J/Oe3E/b5GsnG330uUNgRpu1PA==
  dependencies:
    has "^1.0.3"

isarray@~1.0.0:
  version "1.0.0"
  resolved "https://registry.yarnpkg.com/isarray/-/isarray-1.0.0.tgz#bb935d48582cba168c06834957a54a3e07124f11"
  integrity sha1-u5NdSFgsuhaMBoNJV6VKPgcSTxE=

jsqr-es6@^1.4.0-1:
  version "1.4.0-1"
  resolved "https://registry.yarnpkg.com/jsqr-es6/-/jsqr-es6-1.4.0-1.tgz#e72d94a0ed794c6f19d87682ac89fab2a0f8496b"
  integrity sha512-LPWZJLI+3LLOy9k3/s/MeXlkfNOs3bYBX5O+fp4N0XuxbgO8H7Uc/nYZeNwo13nSZXRW9xWFKmZdy9591+PyAg==

magic-string@0.25.7:
  version "0.25.7"
  resolved "https://registry.yarnpkg.com/magic-string/-/magic-string-0.25.7.tgz#3f497d6fd34c669c6798dcb821f2ef31f5445051"
  integrity sha512-4CrMT5DOHTDk4HYDlzmwu4FVCcIYI8gauveasrdCu2IKIFOJ3f0v/8MDGJCDL9oD2ppz/Av1b0Nj345H9M+XIA==
  dependencies:
    sourcemap-codec "^1.4.4"

minimist@1.x:
  version "1.2.5"
  resolved "https://registry.yarnpkg.com/minimist/-/minimist-1.2.5.tgz#67d66014b66a6a8aaa0c083c5fd58df4e4e97602"
  integrity sha512-FM9nNUYrRBAELZQT3xeZQ7fmMOBg6nWNmJKTcgsJeaLstP/UODVpGsr5OhXhhXg6f+qtJ8uiZ+PUxkDWcgIXLw==

path-parse@^1.0.7:
  version "1.0.7"
  resolved "https://registry.yarnpkg.com/path-parse/-/path-parse-1.0.7.tgz#fbc114b60ca42b30d9daf5858e4bd68bbedb6735"
  integrity sha512-LDJzPVEEEPR+y48z93A0Ed0yXb8pAByGWo/k5YYdYgpY2/2EsOsksJrq7lOHxryrVOn1ejG6oAp8ahvOIQD8sw==

picomatch@^2.2.2:
  version "2.3.1"
  resolved "https://registry.yarnpkg.com/picomatch/-/picomatch-2.3.1.tgz#3ba3833733646d9d3e4995946c1365a67fb07a42"
  integrity sha512-JU3teHTNjmE2VCGFzuY8EXzCDVwEqB2a8fsIvwaStHhAWJEeVd1o1QD80CU6+ZdEXXSLbSsuLwJjkCBWqRQUVA==

process-nextick-args@^2.0.0, process-nextick-args@~2.0.0:
  version "2.0.1"
  resolved "https://registry.yarnpkg.com/process-nextick-args/-/process-nextick-args-2.0.1.tgz#7820d9b16120cc55ca9ae7792680ae7dba6d7fe2"
  integrity sha512-3ouUOpQhtgrbOa17J7+uxOTpITYWaGP7/AhoR3+A+/1e9skrzelGi/dXzEYyvbxubEF6Wn2ypscTKiKJFFn1ag==

readable-stream@^2.3.5:
  version "2.3.7"
  resolved "https://registry.yarnpkg.com/readable-stream/-/readable-stream-2.3.7.tgz#1eca1cf711aef814c04f62252a36a62f6cb23b57"
  integrity sha512-Ebho8K4jIbHAxnuxi7o42OrZgF/ZTNcsZj6nRKyUmkhLFq8CHItp/fy6hQZuZmP/n3yZ9VBUbp4zz/mX8hmYPw==
  dependencies:
    core-util-is "~1.0.0"
    inherits "~2.0.3"
    isarray "~1.0.0"
    process-nextick-args "~2.0.0"
    safe-buffer "~5.1.1"
    string_decoder "~1.1.1"
    util-deprecate "~1.0.1"

remove-trailing-separator@^1.0.1:
  version "1.1.0"
  resolved "https://registry.yarnpkg.com/remove-trailing-separator/-/remove-trailing-separator-1.1.0.tgz#c24bce2a283adad5bc3f58e0d48249b92379d8ef"
  integrity sha1-wkvOKig62tW8P1jg1IJJuSN52O8=

replace-ext@^1.0.0:
  version "1.0.1"
  resolved "https://registry.yarnpkg.com/replace-ext/-/replace-ext-1.0.1.tgz#2d6d996d04a15855d967443631dd5f77825b016a"
  integrity sha512-yD5BHCe7quCgBph4rMQ+0KkIRKwWCrHDOX1p1Gp6HwjPM5kVoCdKGNhN7ydqqsX6lJEnQDKZ/tFMiEdQ1dvPEw==

resolve@^1.17.0:
  version "1.22.0"
  resolved "https://registry.yarnpkg.com/resolve/-/resolve-1.22.0.tgz#5e0b8c67c15df57a89bdbabe603a002f21731198"
  integrity sha512-Hhtrw0nLeSrFQ7phPp4OOcVjLPIeMnRlr5mcnVuMe7M/7eBn98A3hmFRLoFo3DLZkivSYwhRUJTyPyWAk56WLw==
  dependencies:
    is-core-module "^2.8.1"
    path-parse "^1.0.7"
    supports-preserve-symlinks-flag "^1.0.0"

rollup-plugin-sourcemaps@^0.6.2:
  version "0.6.3"
  resolved "https://registry.yarnpkg.com/rollup-plugin-sourcemaps/-/rollup-plugin-sourcemaps-0.6.3.tgz#bf93913ffe056e414419607f1d02780d7ece84ed"
  integrity sha512-paFu+nT1xvuO1tPFYXGe+XnQvg4Hjqv/eIhG8i5EspfYYPBKL57X7iVbfv55aNVASg3dzWvES9dmWsL2KhfByw==
  dependencies:
    "@rollup/pluginutils" "^3.0.9"
    source-map-resolve "^0.6.0"

rollup@^2.21.0:
  version "2.66.1"
  resolved "https://registry.yarnpkg.com/rollup/-/rollup-2.66.1.tgz#366b0404de353c4331d538c3ad2963934fcb4937"
  integrity sha512-crSgLhSkLMnKr4s9iZ/1qJCplgAgrRY+igWv8KhG/AjKOJ0YX/WpmANyn8oxrw+zenF3BXWDLa7Xl/QZISH+7w==
  optionalDependencies:
    fsevents "~2.3.2"

safe-buffer@~5.1.0, safe-buffer@~5.1.1:
  version "5.1.2"
  resolved "https://registry.yarnpkg.com/safe-buffer/-/safe-buffer-5.1.2.tgz#991ec69d296e0313747d59bdfd2b745c35f8828d"
  integrity sha512-Gd2UZBJDkXlY7GbJxfsE8/nvKkUEU1G38c1siN6QP6a9PT9MmHB8GnpscSmMJSoF8LOIrt8ud/wPtojys4G6+g==

slash@^3.0.0:
  version "3.0.0"
  resolved "https://registry.yarnpkg.com/slash/-/slash-3.0.0.tgz#6539be870c165adbd5240220dbe361f1bc4d4634"
  integrity sha512-g9Q1haeby36OSStwb4ntCGGGaKsaVSjQ68fBxoQcutl5fS1vuY18H3wSt3jFyFtrkx+Kz0V1G85A4MyAdDMi2Q==

source-map-resolve@^0.6.0:
  version "0.6.0"
  resolved "https://registry.yarnpkg.com/source-map-resolve/-/source-map-resolve-0.6.0.tgz#3d9df87e236b53f16d01e58150fc7711138e5ed2"
  integrity sha512-KXBr9d/fO/bWo97NXsPIAW1bFSBOuCnjbNTBMO7N59hsv5i9yzRDfcYwwt0l04+VqnKC+EwzvJZIP/qkuMgR/w==
  dependencies:
    atob "^2.1.2"
    decode-uri-component "^0.2.0"

source-map@^0.5.1:
  version "0.5.7"
  resolved "https://registry.yarnpkg.com/source-map/-/source-map-0.5.7.tgz#8a039d2d1021d22d1ea14c80d8ea468ba2ef3fcc"
  integrity sha1-igOdLRAh0i0eoUyA2OpGi6LvP8w=

sourcemap-codec@1.4.8, sourcemap-codec@^1.4.4:
  version "1.4.8"
  resolved "https://registry.yarnpkg.com/sourcemap-codec/-/sourcemap-codec-1.4.8.tgz#ea804bd94857402e6992d05a38ef1ae35a9ab4c4"
  integrity sha512-9NykojV5Uih4lgo5So5dtw+f0JgJX30KCNI8gwhz2J9A15wD0Ml6tjHKwf6fTSa6fAdVBdZeNOs9eJ71qCk8vA==

string_decoder@~1.1.1:
  version "1.1.1"
  resolved "https://registry.yarnpkg.com/string_decoder/-/string_decoder-1.1.1.tgz#9cf1611ba62685d7030ae9e4ba34149c3af03fc8"
  integrity sha512-n/ShnvDi6FHbbVfviro+WojiFzv+s8MPMHBczVePfUpDJLwoLT0ht1l4YwBCbi8pJAveEEdnkHyPyTP/mzRfwg==
  dependencies:
    safe-buffer "~5.1.0"

supports-color@^5.3.0:
  version "5.5.0"
  resolved "https://registry.yarnpkg.com/supports-color/-/supports-color-5.5.0.tgz#e2e69a44ac8772f78a1ec0b35b689df6530efc8f"
  integrity sha512-QjVjwdXIt408MIiAqCX4oUKsgU2EqAGzs2Ppkm4aQYbjm+ZEWEcW4SfFNTr4uMNZma0ey4f5lgLrkB0aX0QMow==
  dependencies:
    has-flag "^3.0.0"

supports-preserve-symlinks-flag@^1.0.0:
  version "1.0.0"
  resolved "https://registry.yarnpkg.com/supports-preserve-symlinks-flag/-/supports-preserve-symlinks-flag-1.0.0.tgz#6eda4bd344a3c94aea376d4cc31bc77311039e09"
  integrity sha512-ot0WnXS9fgdkgIcePe6RHNk1WA8+muPa6cSjeR3V8K27q9BB1rTE3R1p7Hv0z1ZyAc8s6Vvv8DIyWf681MAt0w==

tslib@^2.3.1:
  version "2.3.1"
  resolved "https://registry.yarnpkg.com/tslib/-/tslib-2.3.1.tgz#e8a335add5ceae51aa261d32a490158ef042ef01"
  integrity sha512-77EbyPPpMz+FRFRuAFlWMtmgUWGe9UOG2Z25NqCwiIjRhOf5iKGuzSe5P2w1laq+FkRy4p+PCuVkJSGkzTEKVw==

typescript@^4.5.5:
  version "4.5.5"
  resolved "https://registry.yarnpkg.com/typescript/-/typescript-4.5.5.tgz#d8c953832d28924a9e3d37c73d729c846c5896f3"
  integrity sha512-TCTIul70LyWe6IJWT8QSYeA54WQe8EjQFU4wY52Fasj5UKx88LNYKCgBEHcOMOrFF1rKGbD8v/xcNWVUq9SymA==

util-deprecate@~1.0.1:
  version "1.0.2"
  resolved "https://registry.yarnpkg.com/util-deprecate/-/util-deprecate-1.0.2.tgz#450d4dc9fa70de732762fbd2d4a28981419a0ccf"
  integrity sha1-RQ1Nyfpw3nMnYvvS1KKJgUGaDM8=

uuid@8.1.0:
  version "8.1.0"
  resolved "https://registry.yarnpkg.com/uuid/-/uuid-8.1.0.tgz#6f1536eb43249f473abc6bd58ff983da1ca30d8d"
  integrity sha512-CI18flHDznR0lq54xBycOVmphdCYnQLKn8abKn7PXUiKUGdEd+/l9LWNJmugXel4hXq7S+RMNl34ecyC9TntWg==

vinyl-sourcemaps-apply@^0.2.0:
  version "0.2.1"
  resolved "https://registry.yarnpkg.com/vinyl-sourcemaps-apply/-/vinyl-sourcemaps-apply-0.2.1.tgz#ab6549d61d172c2b1b87be5c508d239c8ef87705"
  integrity sha1-q2VJ1h0XLCsbh75cUI0jnI74dwU=
  dependencies:
    source-map "^0.5.1"

vinyl@2.x:
  version "2.2.1"
  resolved "https://registry.yarnpkg.com/vinyl/-/vinyl-2.2.1.tgz#23cfb8bbab5ece3803aa2c0a1eb28af7cbba1974"
  integrity sha512-LII3bXRFBZLlezoG5FfZVcXflZgWP/4dCwKtxd5ky9+LOtM4CS3bIRQsmR1KMnMW07jpE8fqR2lcxPZ+8sJIcw==
  dependencies:
    clone "^2.1.1"
    clone-buffer "^1.0.0"
    clone-stats "^1.0.0"
    cloneable-readable "^1.0.0"
    remove-trailing-separator "^1.0.1"
    replace-ext "^1.0.0"
